
Microsoft Visual Studio Solution File, Format Version 12.00
# Visual Studio 2012
Project("{FAE04EC0-301F-11D3-BF4B-00C04F79EFBC}") = "TestTranCount", "TestTranCount\TestTranCount.csproj", "{5CB5969B-2D77-484C-BB5C-C358DBE133CB}"
EndProject
Global
	GlobalSection(SolutionConfigurationPlatforms) = preSolution
		Debug|Any CPU = Debug|Any CPU
		Release|Any CPU = Release|Any CPU
	EndGlobalSection
	GlobalSection(ProjectConfigurationPlatforms) = postSolution
		{5CB5969B-2D77-484C-BB5C-C358DBE133CB}.Debug|Any CPU.ActiveCfg = Debug|Any CPU
		{5CB5969B-2D77-484C-BB5C-C358DBE133CB}.Debug|Any CPU.Build.0 = Debug|Any CPU
		{5CB5969B-2D77-484C-BB5C-C358DBE133CB}.Release|Any CPU.ActiveCfg = Release|Any CPU
		{5CB5969B-2D77-484C-BB5C-C358DBE133CB}.Release|Any CPU.Build.0 = Release|Any CPU
	EndGlobalSection
	GlobalSection(SolutionProperties) = preSolution
		HideSolutionNode = FALSE
	EndGlobalSection
EndGlobal
